{
  "name": "npm-workspace-monorepo",
  "version": "1.0.0",
  "lockfileVersion": 3,
  "requires": true,
  "packages": {
    "": {
      "name": "npm-workspace-monorepo",
      "version": "1.0.0",
      "license": "ISC",
      "workspaces": [
        "packages/*"
      ]
    },
    "foo": {
      "version": "1.0.0",
      "extraneous": true,
      "license": "ISC"
    },
    "node_modules/bar": {
      "resolved": "packages/bar",
      "link": true
    },
    "node_modules/foo": {
      "resolved": "packages/foo",
      "link": true
    },
    "packages/bar": {
      "version": "1.0.0",
      "license": "ISC",
      "devDependencies": {}
    },
    "packages/foo": {
      "version": "1.0.0",
      "license": "ISC"
    }
  }
}
